
Microsoft Visual Studio Solution File, Format Version 12.00
# Visual Studio Version 17
VisualStudioVersion = 17.4.33403.182
MinimumVisualStudioVersion = 10.0.40219.1
Project("{FAE04EC0-301F-11D3-BF4B-00C04F79EFBC}") = "PROYECTO", "PROYECTO.csproj", "{96668175-D09B-4BA9-B9D2-439108F0637E}"
EndProject
Project("{FAE04EC0-301F-11D3-BF4B-00C04F79EFBC}") = "departamentos", "..\departamentos\departamentos.csproj", "{32DDBF72-B6EE-419E-B4D3-1FFD0AFD5411}"
EndProject
Project("{FAE04EC0-301F-11D3-BF4B-00C04F79EFBC}") = "Interface", "..\Interface\Interface\Interface.csproj", "{45AE5C9D-07FE-4886-9A09-B1215FFA86FD}"
EndProject
Global
	GlobalSection(SolutionConfigurationPlatforms) = preSolution
		Debug|Any CPU = Debug|Any CPU
		Release|Any CPU = Release|Any CPU
	EndGlobalSection
	GlobalSection(ProjectConfigurationPlatforms) = postSolution
		{96668175-D09B-4BA9-B9D2-439108F0637E}.Debug|Any CPU.ActiveCfg = Debug|Any CPU
		{96668175-D09B-4BA9-B9D2-439108F0637E}.Debug|Any CPU.Build.0 = Debug|Any CPU
		{96668175-D09B-4BA9-B9D2-439108F0637E}.Release|Any CPU.ActiveCfg = Release|Any CPU
		{96668175-D09B-4BA9-B9D2-439108F0637E}.Release|Any CPU.Build.0 = Release|Any CPU
		{32DDBF72-B6EE-419E-B4D3-1FFD0AFD5411}.Debug|Any CPU.ActiveCfg = Debug|Any CPU
		{32DDBF72-B6EE-419E-B4D3-1FFD0AFD5411}.Debug|Any CPU.Build.0 = Debug|Any CPU
		{32DDBF72-B6EE-419E-B4D3-1FFD0AFD5411}.Release|Any CPU.ActiveCfg = Release|Any CPU
		{32DDBF72-B6EE-419E-B4D3-1FFD0AFD5411}.Release|Any CPU.Build.0 = Release|Any CPU
		{45AE5C9D-07FE-4886-9A09-B1215FFA86FD}.Debug|Any CPU.ActiveCfg = Debug|Any CPU
		{45AE5C9D-07FE-4886-9A09-B1215FFA86FD}.Debug|Any CPU.Build.0 = Debug|Any CPU
		{45AE5C9D-07FE-4886-9A09-B1215FFA86FD}.Release|Any CPU.ActiveCfg = Release|Any CPU
		{45AE5C9D-07FE-4886-9A09-B1215FFA86FD}.Release|Any CPU.Build.0 = Release|Any CPU
	EndGlobalSection
	GlobalSection(SolutionProperties) = preSolution
		HideSolutionNode = FALSE
	EndGlobalSection
	GlobalSection(ExtensibilityGlobals) = postSolution
		SolutionGuid = {BFD163A4-354E-481C-A564-A8C3EC454880}
	EndGlobalSection
EndGlobal
